// !$*UTF8*$!
{
	archiveVersion = 1;
	classes = {
	};
	objectVersion = 46;
	objects = {

/* Begin PBXBuildFile section */
		C0467F4E1809458600446ED9 /* mainVirtualDemo.cpp in Sources */ = {isa = PBXBuildFile; fileRef = C0467F4C1809458600446ED9 /* mainVirtualDemo.cpp */; };
		C0467F51180945C200446ED9 /* Circle.cpp in Sources */ = {isa = PBXBuildFile; fileRef = C0467F4F180945C200446ED9 /* Circle.cpp */; };
		C0566F59185D9F6900915F12 /* mainPointDemo.cpp in Sources */ = {isa = PBXBuildFile; fileRef = C0566F57185D9F6900915F12 /* mainPointDemo.cpp */; };
		C066BDD6180BCD36007343A4 /* mainLuaDemo.cpp in Sources */ = {isa = PBXBuildFile; fileRef = C066BDD4180BCD36007343A4 /* mainLuaDemo.cpp */; };
		C066BDDC180BEADF007343A4 /* SubCircle.cpp in Sources */ = {isa = PBXBuildFile; fileRef = C066BDDA180BEADF007343A4 /* SubCircle.cpp */; };
		C085D5A517F1734000596B63 /* Chapter7.cpp in Sources */ = {isa = PBXBuildFile; fileRef = C085D5A417F1734000596B63 /* Chapter7.cpp */; };
		C0A257101807C1CB00021760 /* mainStringDemo.cpp in Sources */ = {isa = PBXBuildFile; fileRef = C0A2570E1807C1CB00021760 /* mainStringDemo.cpp */; };
		C0EFC0C5172823F600A52550 /* main.cpp in Sources */ = {isa = PBXBuildFile; fileRef = C0EFC0C4172823F600A52550 /* main.cpp */; };
		C0EFC0C7172823F600A52550 /* HelloCpp.1 in CopyFiles */ = {isa = PBXBuildFile; fileRef = C0EFC0C6172823F600A52550 /* HelloCpp.1 */; };
/* End PBXBuildFile section */

/* Begin PBXCopyFilesBuildPhase section */
		C0EFC0BF172823F600A52550 /* CopyFiles */ = {
			isa = PBXCopyFilesBuildPhase;
			buildActionMask = 2147483647;
			dstPath = /usr/share/man/man1/;
			dstSubfolderSpec = 0;
			files = (
				C0EFC0C7172823F600A52550 /* HelloCpp.1 in CopyFiles */,
			);
			runOnlyForDeploymentPostprocessing = 1;
		};
/* End PBXCopyFilesBuildPhase section */

/* Begin PBXFileReference section */
		C0467F4A180943C900446ED9 /* Shape.h */ = {isa = PBXFileReference; fileEncoding = 4; lastKnownFileType = sourcecode.c.h; path = Shape.h; sourceTree = "<group>"; };
		C0467F4C1809458600446ED9 /* mainVirtualDemo.cpp */ = {isa = PBXFileReference; fileEncoding = 4; lastKnownFileType = sourcecode.cpp.cpp; path = mainVirtualDemo.cpp; sourceTree = "<group>"; };
		C0467F4F180945C200446ED9 /* Circle.cpp */ = {isa = PBXFileReference; fileEncoding = 4; lastKnownFileType = sourcecode.cpp.cpp; path = Circle.cpp; sourceTree = "<group>"; };
		C0467F50180945C200446ED9 /* Circle.h */ = {isa = PBXFileReference; fileEncoding = 4; lastKnownFileType = sourcecode.c.h; path = Circle.h; sourceTree = "<group>"; };
		C0566F57185D9F6900915F12 /* mainPointDemo.cpp */ = {isa = PBXFileReference; fileEncoding = 4; lastKnownFileType = sourcecode.cpp.cpp; path = mainPointDemo.cpp; sourceTree = "<group>"; };
		C066BDD4180BCD36007343A4 /* mainLuaDemo.cpp */ = {isa = PBXFileReference; fileEncoding = 4; lastKnownFileType = sourcecode.cpp.cpp; path = mainLuaDemo.cpp; sourceTree = "<group>"; };
		C066BDDA180BEADF007343A4 /* SubCircle.cpp */ = {isa = PBXFileReference; fileEncoding = 4; lastKnownFileType = sourcecode.cpp.cpp; path = SubCircle.cpp; sourceTree = "<group>"; };
		C066BDDB180BEADF007343A4 /* SubCircle.h */ = {isa = PBXFileReference; fileEncoding = 4; lastKnownFileType = sourcecode.c.h; path = SubCircle.h; sourceTree = "<group>"; };
		C085D5A217F1732000596B63 /* Chapter7.h */ = {isa = PBXFileReference; fileEncoding = 4; lastKnownFileType = sourcecode.c.h; path = Chapter7.h; sourceTree = "<group>"; };
		C085D5A417F1734000596B63 /* Chapter7.cpp */ = {isa = PBXFileReference; fileEncoding = 4; lastKnownFileType = sourcecode.cpp.cpp; path = Chapter7.cpp; sourceTree = "<group>"; };
		C0A2570E1807C1CB00021760 /* mainStringDemo.cpp */ = {isa = PBXFileReference; fileEncoding = 4; lastKnownFileType = sourcecode.cpp.cpp; path = mainStringDemo.cpp; sourceTree = "<group>"; };
		C0EFC0C1172823F600A52550 /* HelloCpp */ = {isa = PBXFileReference; explicitFileType = "compiled.mach-o.executable"; includeInIndex = 0; path = HelloCpp; sourceTree = BUILT_PRODUCTS_DIR; };
		C0EFC0C4172823F600A52550 /* main.cpp */ = {isa = PBXFileReference; lastKnownFileType = sourcecode.cpp.cpp; path = main.cpp; sourceTree = "<group>"; };
		C0EFC0C6172823F600A52550 /* HelloCpp.1 */ = {isa = PBXFileReference; lastKnownFileType = text.man; path = HelloCpp.1; sourceTree = "<group>"; };
/* End PBXFileReference section */

/* Begin PBXFrameworksBuildPhase section */
		C0EFC0BE172823F600A52550 /* Frameworks */ = {
			isa = PBXFrameworksBuildPhase;
			buildActionMask = 2147483647;
			files = (
			);
			runOnlyForDeploymentPostprocessing = 0;
		};
/* End PBXFrameworksBuildPhase section */

/* Begin PBXGroup section */
		C0072A841803B08F00496240 /* chapter18 */ = {
			isa = PBXGroup;
			children = (
			);
			name = chapter18;
			sourceTree = "<group>";
		};
		C0072A94180406BF00496240 /* chapter20 */ = {
			isa = PBXGroup;
			children = (
			);
			name = chapter20;
			sourceTree = "<group>";
		};
		C02BAD0317F7D401005EE9BE /* chapter16 */ = {
			isa = PBXGroup;
			children = (
			);
			name = chapter16;
			sourceTree = "<group>";
		};
		C0398C1F17F96C29008203D7 /* chapter17 */ = {
			isa = PBXGroup;
			children = (
			);
			name = chapter17;
			sourceTree = "<group>";
		};
		C0467F4818093EAA00446ED9 /* virtualDemo */ = {
			isa = PBXGroup;
			children = (
				C0467F4A180943C900446ED9 /* Shape.h */,
				C0467F4C1809458600446ED9 /* mainVirtualDemo.cpp */,
				C0467F4F180945C200446ED9 /* Circle.cpp */,
				C0467F50180945C200446ED9 /* Circle.h */,
				C066BDDA180BEADF007343A4 /* SubCircle.cpp */,
				C066BDDB180BEADF007343A4 /* SubCircle.h */,
			);
			name = virtualDemo;
			sourceTree = "<group>";
		};
		C048534C17F2CB8C008FEB22 /* chapter12 */ = {
			isa = PBXGroup;
			children = (
			);
			name = chapter12;
			sourceTree = "<group>";
		};
		C0566F55185D9F1700915F12 /* pointDemo */ = {
			isa = PBXGroup;
			children = (
				C0566F57185D9F6900915F12 /* mainPointDemo.cpp */,
			);
			name = pointDemo;
			sourceTree = "<group>";
		};
		C066BDD3180BCD14007343A4 /* luaDemo */ = {
			isa = PBXGroup;
			children = (
				C066BDD4180BCD36007343A4 /* mainLuaDemo.cpp */,
			);
			name = luaDemo;
			sourceTree = "<group>";
		};
		C085D5A317F1732A00596B63 /* chapter7 */ = {
			isa = PBXGroup;
			children = (
				C085D5A217F1732000596B63 /* Chapter7.h */,
				C085D5A417F1734000596B63 /* Chapter7.cpp */,
			);
			name = chapter7;
			sourceTree = "<group>";
		};
		C0A2570B1807C14D00021760 /* stringDemo */ = {
			isa = PBXGroup;
			children = (
				C0A2570E1807C1CB00021760 /* mainStringDemo.cpp */,
			);
			name = stringDemo;
			sourceTree = "<group>";
		};
		C0BBB48817F5648D00DE5F78 /* chapter15 */ = {
			isa = PBXGroup;
			children = (
			);
			name = chapter15;
			sourceTree = "<group>";
		};
		C0EFC0B8172823F600A52550 = {
			isa = PBXGroup;
			children = (
				C0EFC0C3172823F600A52550 /* HelloCpp */,
				C0EFC0C2172823F600A52550 /* Products */,
			);
			sourceTree = "<group>";
		};
		C0EFC0C2172823F600A52550 /* Products */ = {
			isa = PBXGroup;
			children = (
				C0EFC0C1172823F600A52550 /* HelloCpp */,
			);
			name = Products;
			sourceTree = "<group>";
		};
		C0EFC0C3172823F600A52550 /* HelloCpp */ = {
			isa = PBXGroup;
			children = (
				C0566F55185D9F1700915F12 /* pointDemo */,
				C066BDD3180BCD14007343A4 /* luaDemo */,
				C0467F4818093EAA00446ED9 /* virtualDemo */,
				C0A2570B1807C14D00021760 /* stringDemo */,
				C0072A94180406BF00496240 /* chapter20 */,
				C0072A841803B08F00496240 /* chapter18 */,
				C0398C1F17F96C29008203D7 /* chapter17 */,
				C02BAD0317F7D401005EE9BE /* chapter16 */,
				C0BBB48817F5648D00DE5F78 /* chapter15 */,
				C0F2D07B17F40E7C00365329 /* chapter14 */,
				C0F2D07217F3DDED00365329 /* chapter13 */,
				C048534C17F2CB8C008FEB22 /* chapter12 */,
				C085D5A317F1732A00596B63 /* chapter7 */,
				C0EFC0C4172823F600A52550 /* main.cpp */,
				C0EFC0C6172823F600A52550 /* HelloCpp.1 */,
			);
			path = HelloCpp;
			sourceTree = "<group>";
		};
		C0F2D07217F3DDED00365329 /* chapter13 */ = {
			isa = PBXGroup;
			children = (
			);
			name = chapter13;
			sourceTree = "<group>";
		};
		C0F2D07B17F40E7C00365329 /* chapter14 */ = {
			isa = PBXGroup;
			children = (
			);
			name = chapter14;
			sourceTree = "<group>";
		};
/* End PBXGroup section */

/* Begin PBXNativeTarget section */
		C0EFC0C0172823F600A52550 /* HelloCpp */ = {
			isa = PBXNativeTarget;
			buildConfigurationList = C0EFC0CA172823F600A52550 /* Build configuration list for PBXNativeTarget "HelloCpp" */;
			buildPhases = (
				C0EFC0BD172823F600A52550 /* Sources */,
				C0EFC0BE172823F600A52550 /* Frameworks */,
				C0EFC0BF172823F600A52550 /* CopyFiles */,
			);
			buildRules = (
			);
			dependencies = (
			);
			name = HelloCpp;
			productName = HelloCpp;
			productReference = C0EFC0C1172823F600A52550 /* HelloCpp */;
			productType = "com.apple.product-type.tool";
		};
/* End PBXNativeTarget section */

/* Begin PBXProject section */
		C0EFC0B9172823F600A52550 /* Project object */ = {
			isa = PBXProject;
			attributes = {
				LastUpgradeCheck = 0500;
				ORGANIZATIONNAME = Hanson;
			};
			buildConfigurationList = C0EFC0BC172823F600A52550 /* Build configuration list for PBXProject "HelloCpp" */;
			compatibilityVersion = "Xcode 3.2";
			developmentRegion = English;
			hasScannedForEncodings = 0;
			knownRegions = (
				en,
			);
			mainGroup = C0EFC0B8172823F600A52550;
			productRefGroup = C0EFC0C2172823F600A52550 /* Products */;
			projectDirPath = "";
			projectRoot = "";
			targets = (
				C0EFC0C0172823F600A52550 /* HelloCpp */,
			);
		};
/* End PBXProject section */

/* Begin PBXSourcesBuildPhase section */
		C0EFC0BD172823F600A52550 /* Sources */ = {
			isa = PBXSourcesBuildPhase;
			buildActionMask = 2147483647;
			files = (
				C0A257101807C1CB00021760 /* mainStringDemo.cpp in Sources */,
				C0467F51180945C200446ED9 /* Circle.cpp in Sources */,
				C066BDDC180BEADF007343A4 /* SubCircle.cpp in Sources */,
				C0467F4E1809458600446ED9 /* mainVirtualDemo.cpp in Sources */,
				C0EFC0C5172823F600A52550 /* main.cpp in Sources */,
				C066BDD6180BCD36007343A4 /* mainLuaDemo.cpp in Sources */,
				C0566F59185D9F6900915F12 /* mainPointDemo.cpp in Sources */,
				C085D5A517F1734000596B63 /* Chapter7.cpp in Sources */,
			);
			runOnlyForDeploymentPostprocessing = 0;
		};
/* End PBXSourcesBuildPhase section */

/* Begin XCBuildConfiguration section */
		C0EFC0C8172823F600A52550 /* Debug */ = {
			isa = XCBuildConfiguration;
			buildSettings = {
				ALWAYS_SEARCH_USER_PATHS = NO;
				CLANG_CXX_LANGUAGE_STANDARD = "gnu++0x";
				CLANG_CXX_LIBRARY = "libc++";
				CLANG_WARN_CONSTANT_CONVERSION = YES;
				CLANG_WARN_EMPTY_BODY = YES;
				CLANG_WARN_ENUM_CONVERSION = YES;
				CLANG_WARN_INT_CONVERSION = YES;
				CLANG_WARN__DUPLICATE_METHOD_MATCH = YES;
				COPY_PHASE_STRIP = NO;
				GCC_C_LANGUAGE_STANDARD = gnu99;
				GCC_DYNAMIC_NO_PIC = NO;
				GCC_ENABLE_OBJC_EXCEPTIONS = YES;
				GCC_OPTIMIZATION_LEVEL = 0;
				GCC_PREPROCESSOR_DEFINITIONS = (
					"DEBUG=1",
					"$(inherited)",
				);
				GCC_SYMBOLS_PRIVATE_EXTERN = NO;
				GCC_WARN_64_TO_32_BIT_CONVERSION = YES;
				GCC_WARN_ABOUT_RETURN_TYPE = YES;
				GCC_WARN_UNINITIALIZED_AUTOS = YES;
				GCC_WARN_UNUSED_VARIABLE = YES;
				MACOSX_DEPLOYMENT_TARGET = 10.8;
				ONLY_ACTIVE_ARCH = YES;
				SDKROOT = macosx;
			};
			name = Debug;
		};
		C0EFC0C9172823F600A52550 /* Release */ = {
			isa = XCBuildConfiguration;
			buildSettings = {
				ALWAYS_SEARCH_USER_PATHS = NO;
				CLANG_CXX_LANGUAGE_STANDARD = "gnu++0x";
				CLANG_CXX_LIBRARY = "libc++";
				CLANG_WARN_CONSTANT_CONVERSION = YES;
				CLANG_WARN_EMPTY_BODY = YES;
				CLANG_WARN_ENUM_CONVERSION = YES;
				CLANG_WARN_INT_CONVERSION = YES;
				CLANG_WARN__DUPLICATE_METHOD_MATCH = YES;
				COPY_PHASE_STRIP = YES;
				DEBUG_INFORMATION_FORMAT = "dwarf-with-dsym";
				GCC_C_LANGUAGE_STANDARD = gnu99;
				GCC_ENABLE_OBJC_EXCEPTIONS = YES;
				GCC_WARN_64_TO_32_BIT_CONVERSION = YES;
				GCC_WARN_ABOUT_RETURN_TYPE = YES;
				GCC_WARN_UNINITIALIZED_AUTOS = YES;
				GCC_WARN_UNUSED_VARIABLE = YES;
				MACOSX_DEPLOYMENT_TARGET = 10.8;
				SDKROOT = macosx;
			};
			name = Release;
		};
		C0EFC0CB172823F600A52550 /* Debug */ = {
			isa = XCBuildConfiguration;
			buildSettings = {
				PRODUCT_NAME = "$(TARGET_NAME)";
			};
			name = Debug;
		};
		C0EFC0CC172823F600A52550 /* Release */ = {
			isa = XCBuildConfiguration;
			buildSettings = {
				PRODUCT_NAME = "$(TARGET_NAME)";
			};
			name = Release;
		};
/* End XCBuildConfiguration section */

/* Begin XCConfigurationList section */
		C0EFC0BC172823F600A52550 /* Build configuration list for PBXProject "HelloCpp" */ = {
			isa = XCConfigurationList;
			buildConfigurations = (
				C0EFC0C8172823F600A52550 /* Debug */,
				C0EFC0C9172823F600A52550 /* Release */,
			);
			defaultConfigurationIsVisible = 0;
			defaultConfigurationName = Release;
		};
		C0EFC0CA172823F600A52550 /* Build configuration list for PBXNativeTarget "HelloCpp" */ = {
			isa = XCConfigurationList;
			buildConfigurations = (
				C0EFC0CB172823F600A52550 /* Debug */,
				C0EFC0CC172823F600A52550 /* Release */,
			);
			defaultConfigurationIsVisible = 0;
			defaultConfigurationName = Release;
		};
/* End XCConfigurationList section */
	};
	rootObject = C0EFC0B9172823F600A52550 /* Project object */;
}
