// !$*UTF8*$!
{
	archiveVersion = 1;
	classes = {
	};
	objectVersion = 46;
	objects = {

/* Begin PBXBuildFile section */
		C082BF3B17D63B38009FBE81 /* Box.cpp in Sources */ = {isa = PBXBuildFile; fileRef = C082BF3A17D63B38009FBE81 /* Box.cpp */; };
		C0EFC0C5172823F600A52550 /* main.cpp in Sources */ = {isa = PBXBuildFile; fileRef = C0EFC0C4172823F600A52550 /* main.cpp */; };
		C0EFC0C7172823F600A52550 /* HelloCpp.1 in CopyFiles */ = {isa = PBXBuildFile; fileRef = C0EFC0C6172823F600A52550 /* HelloCpp.1 */; };
/* End PBXBuildFile section */

/* Begin PBXCopyFilesBuildPhase section */
		C0EFC0BF172823F600A52550 /* CopyFiles */ = {
			isa = PBXCopyFilesBuildPhase;
			buildActionMask = 2147483647;
			dstPath = /usr/share/man/man1/;
			dstSubfolderSpec = 0;
			files = (
				C0EFC0C7172823F600A52550 /* HelloCpp.1 in CopyFiles */,
			);
			runOnlyForDeploymentPostprocessing = 1;
		};
/* End PBXCopyFilesBuildPhase section */

/* Begin PBXFileReference section */
		C082BF3917D63AE7009FBE81 /* Box.h */ = {isa = PBXFileReference; fileEncoding = 4; lastKnownFileType = sourcecode.c.h; path = Box.h; sourceTree = "<group>"; };
		C082BF3A17D63B38009FBE81 /* Box.cpp */ = {isa = PBXFileReference; fileEncoding = 4; lastKnownFileType = sourcecode.cpp.cpp; path = Box.cpp; sourceTree = "<group>"; };
		C0EFC0C1172823F600A52550 /* HelloCpp */ = {isa = PBXFileReference; explicitFileType = "compiled.mach-o.executable"; includeInIndex = 0; path = HelloCpp; sourceTree = BUILT_PRODUCTS_DIR; };
		C0EFC0C4172823F600A52550 /* main.cpp */ = {isa = PBXFileReference; lastKnownFileType = sourcecode.cpp.cpp; path = main.cpp; sourceTree = "<group>"; };
		C0EFC0C6172823F600A52550 /* HelloCpp.1 */ = {isa = PBXFileReference; lastKnownFileType = text.man; path = HelloCpp.1; sourceTree = "<group>"; };
/* End PBXFileReference section */

/* Begin PBXFrameworksBuildPhase section */
		C0EFC0BE172823F600A52550 /* Frameworks */ = {
			isa = PBXFrameworksBuildPhase;
			buildActionMask = 2147483647;
			files = (
			);
			runOnlyForDeploymentPostprocessing = 0;
		};
/* End PBXFrameworksBuildPhase section */

/* Begin PBXGroup section */
		C0EFC0B8172823F600A52550 = {
			isa = PBXGroup;
			children = (
				C0EFC0C3172823F600A52550 /* HelloCpp */,
				C0EFC0C2172823F600A52550 /* Products */,
			);
			sourceTree = "<group>";
		};
		C0EFC0C2172823F600A52550 /* Products */ = {
			isa = PBXGroup;
			children = (
				C0EFC0C1172823F600A52550 /* HelloCpp */,
			);
			name = Products;
			sourceTree = "<group>";
		};
		C0EFC0C3172823F600A52550 /* HelloCpp */ = {
			isa = PBXGroup;
			children = (
				C0EFC0C4172823F600A52550 /* main.cpp */,
				C0EFC0C6172823F600A52550 /* HelloCpp.1 */,
				C082BF3917D63AE7009FBE81 /* Box.h */,
				C082BF3A17D63B38009FBE81 /* Box.cpp */,
			);
			path = HelloCpp;
			sourceTree = "<group>";
		};
/* End PBXGroup section */

/* Begin PBXNativeTarget section */
		C0EFC0C0172823F600A52550 /* HelloCpp */ = {
			isa = PBXNativeTarget;
			buildConfigurationList = C0EFC0CA172823F600A52550 /* Build configuration list for PBXNativeTarget "HelloCpp" */;
			buildPhases = (
				C0EFC0BD172823F600A52550 /* Sources */,
				C0EFC0BE172823F600A52550 /* Frameworks */,
				C0EFC0BF172823F600A52550 /* CopyFiles */,
			);
			buildRules = (
			);
			dependencies = (
			);
			name = HelloCpp;
			productName = HelloCpp;
			productReference = C0EFC0C1172823F600A52550 /* HelloCpp */;
			productType = "com.apple.product-type.tool";
		};
/* End PBXNativeTarget section */

/* Begin PBXProject section */
		C0EFC0B9172823F600A52550 /* Project object */ = {
			isa = PBXProject;
			attributes = {
				LastUpgradeCheck = 0460;
				ORGANIZATIONNAME = Hanson;
			};
			buildConfigurationList = C0EFC0BC172823F600A52550 /* Build configuration list for PBXProject "HelloCpp" */;
			compatibilityVersion = "Xcode 3.2";
			developmentRegion = English;
			hasScannedForEncodings = 0;
			knownRegions = (
				en,
			);
			mainGroup = C0EFC0B8172823F600A52550;
			productRefGroup = C0EFC0C2172823F600A52550 /* Products */;
			projectDirPath = "";
			projectRoot = "";
			targets = (
				C0EFC0C0172823F600A52550 /* HelloCpp */,
			);
		};
/* End PBXProject section */

/* Begin PBXSourcesBuildPhase section */
		C0EFC0BD172823F600A52550 /* Sources */ = {
			isa = PBXSourcesBuildPhase;
			buildActionMask = 2147483647;
			files = (
				C0EFC0C5172823F600A52550 /* main.cpp in Sources */,
				C082BF3B17D63B38009FBE81 /* Box.cpp in Sources */,
			);
			runOnlyForDeploymentPostprocessing = 0;
		};
/* End PBXSourcesBuildPhase section */

/* Begin XCBuildConfiguration section */
		C0EFC0C8172823F600A52550 /* Debug */ = {
			isa = XCBuildConfiguration;
			buildSettings = {
				ALWAYS_SEARCH_USER_PATHS = NO;
				ARCHS = "$(ARCHS_STANDARD_64_BIT)";
				CLANG_CXX_LANGUAGE_STANDARD = "gnu++0x";
				CLANG_CXX_LIBRARY = "libc++";
				CLANG_WARN_CONSTANT_CONVERSION = YES;
				CLANG_WARN_EMPTY_BODY = YES;
				CLANG_WARN_ENUM_CONVERSION = YES;
				CLANG_WARN_INT_CONVERSION = YES;
				CLANG_WARN__DUPLICATE_METHOD_MATCH = YES;
				COPY_PHASE_STRIP = NO;
				GCC_C_LANGUAGE_STANDARD = gnu99;
				GCC_DYNAMIC_NO_PIC = NO;
				GCC_ENABLE_OBJC_EXCEPTIONS = YES;
				GCC_OPTIMIZATION_LEVEL = 0;
				GCC_PREPROCESSOR_DEFINITIONS = (
					"DEBUG=1",
					"$(inherited)",
				);
				GCC_SYMBOLS_PRIVATE_EXTERN = NO;
				GCC_WARN_64_TO_32_BIT_CONVERSION = YES;
				GCC_WARN_ABOUT_RETURN_TYPE = YES;
				GCC_WARN_UNINITIALIZED_AUTOS = YES;
				GCC_WARN_UNUSED_VARIABLE = YES;
				MACOSX_DEPLOYMENT_TARGET = 10.8;
				ONLY_ACTIVE_ARCH = YES;
				SDKROOT = macosx;
			};
			name = Debug;
		};
		C0EFC0C9172823F600A52550 /* Release */ = {
			isa = XCBuildConfiguration;
			buildSettings = {
				ALWAYS_SEARCH_USER_PATHS = NO;
				ARCHS = "$(ARCHS_STANDARD_64_BIT)";
				CLANG_CXX_LANGUAGE_STANDARD = "gnu++0x";
				CLANG_CXX_LIBRARY = "libc++";
				CLANG_WARN_CONSTANT_CONVERSION = YES;
				CLANG_WARN_EMPTY_BODY = YES;
				CLANG_WARN_ENUM_CONVERSION = YES;
				CLANG_WARN_INT_CONVERSION = YES;
				CLANG_WARN__DUPLICATE_METHOD_MATCH = YES;
				COPY_PHASE_STRIP = YES;
				DEBUG_INFORMATION_FORMAT = "dwarf-with-dsym";
				GCC_C_LANGUAGE_STANDARD = gnu99;
				GCC_ENABLE_OBJC_EXCEPTIONS = YES;
				GCC_WARN_64_TO_32_BIT_CONVERSION = YES;
				GCC_WARN_ABOUT_RETURN_TYPE = YES;
				GCC_WARN_UNINITIALIZED_AUTOS = YES;
				GCC_WARN_UNUSED_VARIABLE = YES;
				MACOSX_DEPLOYMENT_TARGET = 10.8;
				SDKROOT = macosx;
			};
			name = Release;
		};
		C0EFC0CB172823F600A52550 /* Debug */ = {
			isa = XCBuildConfiguration;
			buildSettings = {
				PRODUCT_NAME = "$(TARGET_NAME)";
			};
			name = Debug;
		};
		C0EFC0CC172823F600A52550 /* Release */ = {
			isa = XCBuildConfiguration;
			buildSettings = {
				PRODUCT_NAME = "$(TARGET_NAME)";
			};
			name = Release;
		};
/* End XCBuildConfiguration section */

/* Begin XCConfigurationList section */
		C0EFC0BC172823F600A52550 /* Build configuration list for PBXProject "HelloCpp" */ = {
			isa = XCConfigurationList;
			buildConfigurations = (
				C0EFC0C8172823F600A52550 /* Debug */,
				C0EFC0C9172823F600A52550 /* Release */,
			);
			defaultConfigurationIsVisible = 0;
			defaultConfigurationName = Release;
		};
		C0EFC0CA172823F600A52550 /* Build configuration list for PBXNativeTarget "HelloCpp" */ = {
			isa = XCConfigurationList;
			buildConfigurations = (
				C0EFC0CB172823F600A52550 /* Debug */,
				C0EFC0CC172823F600A52550 /* Release */,
			);
			defaultConfigurationIsVisible = 0;
			defaultConfigurationName = Release;
		};
/* End XCConfigurationList section */
	};
	rootObject = C0EFC0B9172823F600A52550 /* Project object */;
}
